
Microsoft Visual Studio Solution File, Format Version 12.00
# Visual Studio 15
VisualStudioVersion = 15.0.27130.2027
MinimumVisualStudioVersion = 10.0.40219.1
Project("{FAE04EC0-301F-11D3-BF4B-00C04F79EFBC}") = "Groot", "Groot.csproj", "{92B0355C-383C-45C1-8258-233B6ABEB1CE}"
EndProject
Global
	GlobalSection(SolutionConfigurationPlatforms) = preSolution
		Debug|Any CPU = Debug|Any CPU
		Release|Any CPU = Release|Any CPU
	EndGlobalSection
	GlobalSection(ProjectConfigurationPlatforms) = postSolution
		{92B0355C-383C-45C1-8258-233B6ABEB1CE}.Debug|Any CPU.ActiveCfg = Debug|Any CPU
		{92B0355C-383C-45C1-8258-233B6ABEB1CE}.Debug|Any CPU.Build.0 = Debug|Any CPU
		{92B0355C-383C-45C1-8258-233B6ABEB1CE}.Release|Any CPU.ActiveCfg = Release|Any CPU
		{92B0355C-383C-45C1-8258-233B6ABEB1CE}.Release|Any CPU.Build.0 = Release|Any CPU
	EndGlobalSection
	GlobalSection(SolutionProperties) = preSolution
		HideSolutionNode = FALSE
	EndGlobalSection
	GlobalSection(ExtensibilityGlobals) = postSolution
		SolutionGuid = {7938A090-FEF6-4DDA-992B-EE9F23BD44CB}
	EndGlobalSection
EndGlobal
